# THIS IS AN AUTOGENERATED FILE. DO NOT EDIT THIS FILE DIRECTLY.
# yarn lockfile v1


"@tmcw/togeojson@^4.5.0":
  version "4.5.0"
  resolved "https://registry.yarnpkg.com/@tmcw/togeojson/-/togeojson-4.5.0.tgz#9b5c7bdd8c5ad3b9c504824d3cdef9b60edbd206"
  integrity sha512-lNuuhW7nvN1T7xII9eRTi9zuPwYfFl43/1u/Xgi88tedX4ePfwJB5dqc31N7z6sWeR+7EES274ESNrK1gsW53A==

xmldom@^0.6.0:
  version "0.6.0"
  resolved "https://registry.yarnpkg.com/xmldom/-/xmldom-0.6.0.tgz#43a96ecb8beece991cef382c08397d82d4d0c46f"
  integrity sha512-iAcin401y58LckRZ0TkI4k0VSM1Qg0KGSc3i8rU+xrxe19A/BN1zHyVSJY7uoutVlaTSzYyk/v5AmkewAP7jtg==
